{
    "name": "fnest-sw-proto",
    "lockfileVersion": 3,
    "requires": true,
    "packages": {
        "": {
            "dependencies": {
                "@hono/node-server": "^1",
                "@sqlite.org/sqlite-wasm": "3.50.4-build1",
                "hono": "^4"
            }
        },
        "node_modules/@hono/node-server": {
            "version": "1.19.7",
            "resolved": "https://registry.npmjs.org/@hono/node-server/-/node-server-1.19.7.tgz",
            "integrity": "sha512-vUcD0uauS7EU2caukW8z5lJKtoGMokxNbJtBiwHgpqxEXokaHCBkQUmCHhjFB1VUTWdqj25QoMkMKzgjq+uhrw==",
            "license": "MIT",
            "engines": {
                "node": ">=18.14.1"
            },
            "peerDependencies": {
                "hono": "^4"
            }
        },
        "node_modules/@sqlite.org/sqlite-wasm": {
            "version": "3.50.4-build1",
            "resolved": "https://registry.npmjs.org/@sqlite.org/sqlite-wasm/-/sqlite-wasm-3.50.4-build1.tgz",
            "integrity": "sha512-Qig2Wso7gPkU1PtXwFzndh+CTRzrIFxVGqv6eCetjU7YqxlHItj+GvQYwYTppCRgAPawtRN/4AJcEgB9xDHGug==",
            "license": "Apache-2.0",
            "bin": {
                "sqlite-wasm": "bin/index.js"
            }
        },
        "node_modules/hono": {
            "version": "4.11.3",
            "resolved": "https://registry.npmjs.org/hono/-/hono-4.11.3.tgz",
            "integrity": "sha512-PmQi306+M/ct/m5s66Hrg+adPnkD5jiO6IjA7WhWw0gSBSo1EcRegwuI1deZ+wd5pzCGynCcn2DprnE4/yEV4w==",
            "license": "MIT",
            "peer": true,
            "engines": {
                "node": ">=16.9.0"
            }
        }
    }
}
